// !$*UTF8*$!
{
	archiveVersion = 1;
	classes = {
	};
	objectVersion = 55;
	objects = {

/* Begin PBXBuildFile section */
		272284ED27B0B5C900A61183 /* BrewMethods.swift in Sources */ = {isa = PBXBuildFile; fileRef = 272284EC27B0B5C900A61183 /* BrewMethods.swift */; };
		272284EF27B0B62100A61183 /* Water.swift in Sources */ = {isa = PBXBuildFile; fileRef = 272284EE27B0B62100A61183 /* Water.swift */; };
		272284F227B0BB8B00A61183 /* Dracula in Frameworks */ = {isa = PBXBuildFile; productRef = 272284F127B0BB8B00A61183 /* Dracula */; };
		273626B127A9F61300D7DEF0 /* Sandbox2App.swift in Sources */ = {isa = PBXBuildFile; fileRef = 273626B027A9F61300D7DEF0 /* Sandbox2App.swift */; };
		273626B327A9F61300D7DEF0 /* ContentView.swift in Sources */ = {isa = PBXBuildFile; fileRef = 273626B227A9F61300D7DEF0 /* ContentView.swift */; };
		273626B527A9F61500D7DEF0 /* Assets.xcassets in Resources */ = {isa = PBXBuildFile; fileRef = 273626B427A9F61500D7DEF0 /* Assets.xcassets */; };
		273626B827A9F61500D7DEF0 /* Preview Assets.xcassets in Resources */ = {isa = PBXBuildFile; fileRef = 273626B727A9F61500D7DEF0 /* Preview Assets.xcassets */; };
		273626DF27AA414F00D7DEF0 /* BrewModel.swift in Sources */ = {isa = PBXBuildFile; fileRef = 273626DE27AA414F00D7DEF0 /* BrewModel.swift */; };
		2789256A27B343550080D925 /* Favorites.swift in Sources */ = {isa = PBXBuildFile; fileRef = 2789256927B343550080D925 /* Favorites.swift */; };
		2789256C27B373350080D925 /* CustomButtons.swift in Sources */ = {isa = PBXBuildFile; fileRef = 2789256B27B373350080D925 /* CustomButtons.swift */; };
		279E094127B6E4EB00424F2F /* Testing.swift in Sources */ = {isa = PBXBuildFile; fileRef = 279E094027B6E4EB00424F2F /* Testing.swift */; };
/* End PBXBuildFile section */

/* Begin PBXFileReference section */
		272284EC27B0B5C900A61183 /* BrewMethods.swift */ = {isa = PBXFileReference; lastKnownFileType = sourcecode.swift; path = BrewMethods.swift; sourceTree = "<group>"; };
		272284EE27B0B62100A61183 /* Water.swift */ = {isa = PBXFileReference; lastKnownFileType = sourcecode.swift; path = Water.swift; sourceTree = "<group>"; };
		273626AD27A9F61300D7DEF0 /* Sandbox2.app */ = {isa = PBXFileReference; explicitFileType = wrapper.application; includeInIndex = 0; path = Sandbox2.app; sourceTree = BUILT_PRODUCTS_DIR; };
		273626B027A9F61300D7DEF0 /* Sandbox2App.swift */ = {isa = PBXFileReference; lastKnownFileType = sourcecode.swift; path = Sandbox2App.swift; sourceTree = "<group>"; };
		273626B227A9F61300D7DEF0 /* ContentView.swift */ = {isa = PBXFileReference; lastKnownFileType = sourcecode.swift; path = ContentView.swift; sourceTree = "<group>"; };
		273626B427A9F61500D7DEF0 /* Assets.xcassets */ = {isa = PBXFileReference; lastKnownFileType = folder.assetcatalog; path = Assets.xcassets; sourceTree = "<group>"; };
		273626B727A9F61500D7DEF0 /* Preview Assets.xcassets */ = {isa = PBXFileReference; lastKnownFileType = folder.assetcatalog; path = "Preview Assets.xcassets"; sourceTree = "<group>"; };
		273626DE27AA414F00D7DEF0 /* BrewModel.swift */ = {isa = PBXFileReference; lastKnownFileType = sourcecode.swift; path = BrewModel.swift; sourceTree = "<group>"; };
		2789256927B343550080D925 /* Favorites.swift */ = {isa = PBXFileReference; lastKnownFileType = sourcecode.swift; path = Favorites.swift; sourceTree = "<group>"; };
		2789256B27B373350080D925 /* CustomButtons.swift */ = {isa = PBXFileReference; lastKnownFileType = sourcecode.swift; path = CustomButtons.swift; sourceTree = "<group>"; };
		279E094027B6E4EB00424F2F /* Testing.swift */ = {isa = PBXFileReference; lastKnownFileType = sourcecode.swift; path = Testing.swift; sourceTree = "<group>"; };
/* End PBXFileReference section */

/* Begin PBXFrameworksBuildPhase section */
		273626AA27A9F61300D7DEF0 /* Frameworks */ = {
			isa = PBXFrameworksBuildPhase;
			buildActionMask = 2147483647;
			files = (
				272284F227B0BB8B00A61183 /* Dracula in Frameworks */,
			);
			runOnlyForDeploymentPostprocessing = 0;
		};
/* End PBXFrameworksBuildPhase section */

/* Begin PBXGroup section */
		273626A427A9F61300D7DEF0 = {
			isa = PBXGroup;
			children = (
				273626AF27A9F61300D7DEF0 /* Sandbox2 */,
				273626AE27A9F61300D7DEF0 /* Products */,
			);
			sourceTree = "<group>";
		};
		273626AE27A9F61300D7DEF0 /* Products */ = {
			isa = PBXGroup;
			children = (
				273626AD27A9F61300D7DEF0 /* Sandbox2.app */,
			);
			name = Products;
			sourceTree = "<group>";
		};
		273626AF27A9F61300D7DEF0 /* Sandbox2 */ = {
			isa = PBXGroup;
			children = (
				273626B027A9F61300D7DEF0 /* Sandbox2App.swift */,
				273626B227A9F61300D7DEF0 /* ContentView.swift */,
				273626DE27AA414F00D7DEF0 /* BrewModel.swift */,
				272284EC27B0B5C900A61183 /* BrewMethods.swift */,
				2789256927B343550080D925 /* Favorites.swift */,
				272284EE27B0B62100A61183 /* Water.swift */,
				279E094027B6E4EB00424F2F /* Testing.swift */,
				2789256B27B373350080D925 /* CustomButtons.swift */,
				273626B427A9F61500D7DEF0 /* Assets.xcassets */,
				273626B627A9F61500D7DEF0 /* Preview Content */,
			);
			path = Sandbox2;
			sourceTree = "<group>";
		};
		273626B627A9F61500D7DEF0 /* Preview Content */ = {
			isa = PBXGroup;
			children = (
				273626B727A9F61500D7DEF0 /* Preview Assets.xcassets */,
			);
			path = "Preview Content";
			sourceTree = "<group>";
		};
/* End PBXGroup section */

/* Begin PBXNativeTarget section */
		273626AC27A9F61300D7DEF0 /* Sandbox2 */ = {
			isa = PBXNativeTarget;
			buildConfigurationList = 273626BB27A9F61500D7DEF0 /* Build configuration list for PBXNativeTarget "Sandbox2" */;
			buildPhases = (
				273626A927A9F61300D7DEF0 /* Sources */,
				273626AA27A9F61300D7DEF0 /* Frameworks */,
				273626AB27A9F61300D7DEF0 /* Resources */,
			);
			buildRules = (
			);
			dependencies = (
			);
			name = Sandbox2;
			packageProductDependencies = (
				272284F127B0BB8B00A61183 /* Dracula */,
			);
			productName = Sandbox2;
			productReference = 273626AD27A9F61300D7DEF0 /* Sandbox2.app */;
			productType = "com.apple.product-type.application";
		};
/* End PBXNativeTarget section */

/* Begin PBXProject section */
		273626A527A9F61300D7DEF0 /* Project object */ = {
			isa = PBXProject;
			attributes = {
				BuildIndependentTargetsInParallel = 1;
				LastSwiftUpdateCheck = 1320;
				LastUpgradeCheck = 1320;
				TargetAttributes = {
					273626AC27A9F61300D7DEF0 = {
						CreatedOnToolsVersion = 13.2.1;
					};
				};
			};
			buildConfigurationList = 273626A827A9F61300D7DEF0 /* Build configuration list for PBXProject "Sandbox2" */;
			compatibilityVersion = "Xcode 13.0";
			developmentRegion = en;
			hasScannedForEncodings = 0;
			knownRegions = (
				en,
				Base,
			);
			mainGroup = 273626A427A9F61300D7DEF0;
			packageReferences = (
				272284F027B0BB8B00A61183 /* XCRemoteSwiftPackageReference "swiftui" */,
			);
			productRefGroup = 273626AE27A9F61300D7DEF0 /* Products */;
			projectDirPath = "";
			projectRoot = "";
			targets = (
				273626AC27A9F61300D7DEF0 /* Sandbox2 */,
			);
		};
/* End PBXProject section */

/* Begin PBXResourcesBuildPhase section */
		273626AB27A9F61300D7DEF0 /* Resources */ = {
			isa = PBXResourcesBuildPhase;
			buildActionMask = 2147483647;
			files = (
				273626B827A9F61500D7DEF0 /* Preview Assets.xcassets in Resources */,
				273626B527A9F61500D7DEF0 /* Assets.xcassets in Resources */,
			);
			runOnlyForDeploymentPostprocessing = 0;
		};
/* End PBXResourcesBuildPhase section */

/* Begin PBXSourcesBuildPhase section */
		273626A927A9F61300D7DEF0 /* Sources */ = {
			isa = PBXSourcesBuildPhase;
			buildActionMask = 2147483647;
			files = (
				272284ED27B0B5C900A61183 /* BrewMethods.swift in Sources */,
				273626DF27AA414F00D7DEF0 /* BrewModel.swift in Sources */,
				2789256C27B373350080D925 /* CustomButtons.swift in Sources */,
				279E094127B6E4EB00424F2F /* Testing.swift in Sources */,
				273626B327A9F61300D7DEF0 /* ContentView.swift in Sources */,
				2789256A27B343550080D925 /* Favorites.swift in Sources */,
				272284EF27B0B62100A61183 /* Water.swift in Sources */,
				273626B127A9F61300D7DEF0 /* Sandbox2App.swift in Sources */,
			);
			runOnlyForDeploymentPostprocessing = 0;
		};
/* End PBXSourcesBuildPhase section */

/* Begin XCBuildConfiguration section */
		273626B927A9F61500D7DEF0 /* Debug */ = {
			isa = XCBuildConfiguration;
			buildSettings = {
				ALWAYS_SEARCH_USER_PATHS = NO;
				CLANG_ANALYZER_NONNULL = YES;
				CLANG_ANALYZER_NUMBER_OBJECT_CONVERSION = YES_AGGRESSIVE;
				CLANG_CXX_LANGUAGE_STANDARD = "gnu++17";
				CLANG_CXX_LIBRARY = "libc++";
				CLANG_ENABLE_MODULES = YES;
				CLANG_ENABLE_OBJC_ARC = YES;
				CLANG_ENABLE_OBJC_WEAK = YES;
				CLANG_WARN_BLOCK_CAPTURE_AUTORELEASING = YES;
				CLANG_WARN_BOOL_CONVERSION = YES;
				CLANG_WARN_COMMA = YES;
				CLANG_WARN_CONSTANT_CONVERSION = YES;
				CLANG_WARN_DEPRECATED_OBJC_IMPLEMENTATIONS = YES;
				CLANG_WARN_DIRECT_OBJC_ISA_USAGE = YES_ERROR;
				CLANG_WARN_DOCUMENTATION_COMMENTS = YES;
				CLANG_WARN_EMPTY_BODY = YES;
				CLANG_WARN_ENUM_CONVERSION = YES;
				CLANG_WARN_INFINITE_RECURSION = YES;
				CLANG_WARN_INT_CONVERSION = YES;
				CLANG_WARN_NON_LITERAL_NULL_CONVERSION = YES;
				CLANG_WARN_OBJC_IMPLICIT_RETAIN_SELF = YES;
				CLANG_WARN_OBJC_LITERAL_CONVERSION = YES;
				CLANG_WARN_OBJC_ROOT_CLASS = YES_ERROR;
				CLANG_WARN_QUOTED_INCLUDE_IN_FRAMEWORK_HEADER = YES;
				CLANG_WARN_RANGE_LOOP_ANALYSIS = YES;
				CLANG_WARN_STRICT_PROTOTYPES = YES;
				CLANG_WARN_SUSPICIOUS_MOVE = YES;
				CLANG_WARN_UNGUARDED_AVAILABILITY = YES_AGGRESSIVE;
				CLANG_WARN_UNREACHABLE_CODE = YES;
				CLANG_WARN__DUPLICATE_METHOD_MATCH = YES;
				COPY_PHASE_STRIP = NO;
				DEBUG_INFORMATION_FORMAT = dwarf;
				ENABLE_STRICT_OBJC_MSGSEND = YES;
				ENABLE_TESTABILITY = YES;
				GCC_C_LANGUAGE_STANDARD = gnu11;
				GCC_DYNAMIC_NO_PIC = NO;
				GCC_NO_COMMON_BLOCKS = YES;
				GCC_OPTIMIZATION_LEVEL = 0;
				GCC_PREPROCESSOR_DEFINITIONS = (
					"DEBUG=1",
					"$(inherited)",
				);
				GCC_WARN_64_TO_32_BIT_CONVERSION = YES;
				GCC_WARN_ABOUT_RETURN_TYPE = YES_ERROR;
				GCC_WARN_UNDECLARED_SELECTOR = YES;
				GCC_WARN_UNINITIALIZED_AUTOS = YES_AGGRESSIVE;
				GCC_WARN_UNUSED_FUNCTION = YES;
				GCC_WARN_UNUSED_VARIABLE = YES;
				IPHONEOS_DEPLOYMENT_TARGET = 15.2;
				MTL_ENABLE_DEBUG_INFO = INCLUDE_SOURCE;
				MTL_FAST_MATH = YES;
				ONLY_ACTIVE_ARCH = YES;
				SDKROOT = iphoneos;
				SWIFT_ACTIVE_COMPILATION_CONDITIONS = DEBUG;
				SWIFT_OPTIMIZATION_LEVEL = "-Onone";
			};
			name = Debug;
		};
		273626BA27A9F61500D7DEF0 /* Release */ = {
			isa = XCBuildConfiguration;
			buildSettings = {
				ALWAYS_SEARCH_USER_PATHS = NO;
				CLANG_ANALYZER_NONNULL = YES;
				CLANG_ANALYZER_NUMBER_OBJECT_CONVERSION = YES_AGGRESSIVE;
				CLANG_CXX_LANGUAGE_STANDARD = "gnu++17";
				CLANG_CXX_LIBRARY = "libc++";
				CLANG_ENABLE_MODULES = YES;
				CLANG_ENABLE_OBJC_ARC = YES;
				CLANG_ENABLE_OBJC_WEAK = YES;
				CLANG_WARN_BLOCK_CAPTURE_AUTORELEASING = YES;
				CLANG_WARN_BOOL_CONVERSION = YES;
				CLANG_WARN_COMMA = YES;
				CLANG_WARN_CONSTANT_CONVERSION = YES;
				CLANG_WARN_DEPRECATED_OBJC_IMPLEMENTATIONS = YES;
				CLANG_WARN_DIRECT_OBJC_ISA_USAGE = YES_ERROR;
				CLANG_WARN_DOCUMENTATION_COMMENTS = YES;
				CLANG_WARN_EMPTY_BODY = YES;
				CLANG_WARN_ENUM_CONVERSION = YES;
				CLANG_WARN_INFINITE_RECURSION = YES;
				CLANG_WARN_INT_CONVERSION = YES;
				CLANG_WARN_NON_LITERAL_NULL_CONVERSION = YES;
				CLANG_WARN_OBJC_IMPLICIT_RETAIN_SELF = YES;
				CLANG_WARN_OBJC_LITERAL_CONVERSION = YES;
				CLANG_WARN_OBJC_ROOT_CLASS = YES_ERROR;
				CLANG_WARN_QUOTED_INCLUDE_IN_FRAMEWORK_HEADER = YES;
				CLANG_WARN_RANGE_LOOP_ANALYSIS = YES;
				CLANG_WARN_STRICT_PROTOTYPES = YES;
				CLANG_WARN_SUSPICIOUS_MOVE = YES;
				CLANG_WARN_UNGUARDED_AVAILABILITY = YES_AGGRESSIVE;
				CLANG_WARN_UNREACHABLE_CODE = YES;
				CLANG_WARN__DUPLICATE_METHOD_MATCH = YES;
				COPY_PHASE_STRIP = NO;
				DEBUG_INFORMATION_FORMAT = "dwarf-with-dsym";
				ENABLE_NS_ASSERTIONS = NO;
				ENABLE_STRICT_OBJC_MSGSEND = YES;
				GCC_C_LANGUAGE_STANDARD = gnu11;
				GCC_NO_COMMON_BLOCKS = YES;
				GCC_WARN_64_TO_32_BIT_CONVERSION = YES;
				GCC_WARN_ABOUT_RETURN_TYPE = YES_ERROR;
				GCC_WARN_UNDECLARED_SELECTOR = YES;
				GCC_WARN_UNINITIALIZED_AUTOS = YES_AGGRESSIVE;
				GCC_WARN_UNUSED_FUNCTION = YES;
				GCC_WARN_UNUSED_VARIABLE = YES;
				IPHONEOS_DEPLOYMENT_TARGET = 15.2;
				MTL_ENABLE_DEBUG_INFO = NO;
				MTL_FAST_MATH = YES;
				SDKROOT = iphoneos;
				SWIFT_COMPILATION_MODE = wholemodule;
				SWIFT_OPTIMIZATION_LEVEL = "-O";
				VALIDATE_PRODUCT = YES;
			};
			name = Release;
		};
		273626BC27A9F61500D7DEF0 /* Debug */ = {
			isa = XCBuildConfiguration;
			buildSettings = {
				ASSETCATALOG_COMPILER_APPICON_NAME = AppIcon;
				ASSETCATALOG_COMPILER_GLOBAL_ACCENT_COLOR_NAME = AccentColor;
				CODE_SIGN_STYLE = Automatic;
				CURRENT_PROJECT_VERSION = 1;
				DEVELOPMENT_ASSET_PATHS = "\"Sandbox2/Preview Content\"";
				ENABLE_PREVIEWS = YES;
				GENERATE_INFOPLIST_FILE = YES;
				INFOPLIST_KEY_UIApplicationSceneManifest_Generation = YES;
				INFOPLIST_KEY_UIApplicationSupportsIndirectInputEvents = YES;
				INFOPLIST_KEY_UILaunchScreen_Generation = YES;
				INFOPLIST_KEY_UISupportedInterfaceOrientations_iPad = "UIInterfaceOrientationPortrait UIInterfaceOrientationPortraitUpsideDown UIInterfaceOrientationLandscapeLeft UIInterfaceOrientationLandscapeRight";
				INFOPLIST_KEY_UISupportedInterfaceOrientations_iPhone = "UIInterfaceOrientationPortrait UIInterfaceOrientationLandscapeLeft UIInterfaceOrientationLandscapeRight";
				LD_RUNPATH_SEARCH_PATHS = (
					"$(inherited)",
					"@executable_path/Frameworks",
				);
				MARKETING_VERSION = 1.0;
				PRODUCT_BUNDLE_IDENTIFIER = "com.lizet-tovar.Sandbox2";
				PRODUCT_NAME = "$(TARGET_NAME)";
				SWIFT_EMIT_LOC_STRINGS = YES;
				SWIFT_VERSION = 5.0;
				TARGETED_DEVICE_FAMILY = "1,2";
			};
			name = Debug;
		};
		273626BD27A9F61500D7DEF0 /* Release */ = {
			isa = XCBuildConfiguration;
			buildSettings = {
				ASSETCATALOG_COMPILER_APPICON_NAME = AppIcon;
				ASSETCATALOG_COMPILER_GLOBAL_ACCENT_COLOR_NAME = AccentColor;
				CODE_SIGN_STYLE = Automatic;
				CURRENT_PROJECT_VERSION = 1;
				DEVELOPMENT_ASSET_PATHS = "\"Sandbox2/Preview Content\"";
				ENABLE_PREVIEWS = YES;
				GENERATE_INFOPLIST_FILE = YES;
				INFOPLIST_KEY_UIApplicationSceneManifest_Generation = YES;
				INFOPLIST_KEY_UIApplicationSupportsIndirectInputEvents = YES;
				INFOPLIST_KEY_UILaunchScreen_Generation = YES;
				INFOPLIST_KEY_UISupportedInterfaceOrientations_iPad = "UIInterfaceOrientationPortrait UIInterfaceOrientationPortraitUpsideDown UIInterfaceOrientationLandscapeLeft UIInterfaceOrientationLandscapeRight";
				INFOPLIST_KEY_UISupportedInterfaceOrientations_iPhone = "UIInterfaceOrientationPortrait UIInterfaceOrientationLandscapeLeft UIInterfaceOrientationLandscapeRight";
				LD_RUNPATH_SEARCH_PATHS = (
					"$(inherited)",
					"@executable_path/Frameworks",
				);
				MARKETING_VERSION = 1.0;
				PRODUCT_BUNDLE_IDENTIFIER = "com.lizet-tovar.Sandbox2";
				PRODUCT_NAME = "$(TARGET_NAME)";
				SWIFT_EMIT_LOC_STRINGS = YES;
				SWIFT_VERSION = 5.0;
				TARGETED_DEVICE_FAMILY = "1,2";
			};
			name = Release;
		};
/* End XCBuildConfiguration section */

/* Begin XCConfigurationList section */
		273626A827A9F61300D7DEF0 /* Build configuration list for PBXProject "Sandbox2" */ = {
			isa = XCConfigurationList;
			buildConfigurations = (
				273626B927A9F61500D7DEF0 /* Debug */,
				273626BA27A9F61500D7DEF0 /* Release */,
			);
			defaultConfigurationIsVisible = 0;
			defaultConfigurationName = Release;
		};
		273626BB27A9F61500D7DEF0 /* Build configuration list for PBXNativeTarget "Sandbox2" */ = {
			isa = XCConfigurationList;
			buildConfigurations = (
				273626BC27A9F61500D7DEF0 /* Debug */,
				273626BD27A9F61500D7DEF0 /* Release */,
			);
			defaultConfigurationIsVisible = 0;
			defaultConfigurationName = Release;
		};
/* End XCConfigurationList section */

/* Begin XCRemoteSwiftPackageReference section */
		272284F027B0BB8B00A61183 /* XCRemoteSwiftPackageReference "swiftui" */ = {
			isa = XCRemoteSwiftPackageReference;
			repositoryURL = "https://github.com/dracula/swiftui.git";
			requirement = {
				branch = master;
				kind = branch;
			};
		};
/* End XCRemoteSwiftPackageReference section */

/* Begin XCSwiftPackageProductDependency section */
		272284F127B0BB8B00A61183 /* Dracula */ = {
			isa = XCSwiftPackageProductDependency;
			package = 272284F027B0BB8B00A61183 /* XCRemoteSwiftPackageReference "swiftui" */;
			productName = Dracula;
		};
/* End XCSwiftPackageProductDependency section */
	};
	rootObject = 273626A527A9F61300D7DEF0 /* Project object */;
}
